PODS:
  - FBSnapshotTestCase (2.1.4):
    - FBSnapshotTestCase/SwiftSupport (= 2.1.4)
  - FBSnapshotTestCase/Core (2.1.4)
  - FBSnapshotTestCase/SwiftSupport (2.1.4):
    - FBSnapshotTestCase/Core
  - lqBaseLib (0.1.0)

DEPENDENCIES:
  - FBSnapshotTestCase
  - lqBaseLib (from `../`)

SPEC REPOS:
  trunk:
    - FBSnapshotTestCase

EXTERNAL SOURCES:
  lqBaseLib:
    :path: "../"

SPEC CHECKSUMS:
  FBSnapshotTestCase: 094f9f314decbabe373b87cc339bea235a63e07a
  lqBaseLib: e6dee8662129922a9f9b6426ad5545677c1e2c49

PODFILE CHECKSUM: 6e29324720cd4e542f0946387d4100b931e896dd

COCOAPODS: 1.9.3
